// !$*UTF8*$!
{
	archiveVersion = 1;
	classes = {
	};
	objectVersion = 46;
	objects = {

/* Begin PBXBuildFile section */
		270F022D1BD9FDD500C0214B /* avatar01.jpeg in Resources */ = {isa = PBXBuildFile; fileRef = 270F022C1BD9FDD500C0214B /* avatar01.jpeg */; };
		270F02301BDA05BC00C0214B /* UIColor+LTExtension.m in Sources */ = {isa = PBXBuildFile; fileRef = 270F022F1BDA05BC00C0214B /* UIColor+LTExtension.m */; };
		270F02341BDA0FFF00C0214B /* LTContactsViewController.m in Sources */ = {isa = PBXBuildFile; fileRef = 270F02331BDA0FFF00C0214B /* LTContactsViewController.m */; };
		270F02361BDA19D900C0214B /* avatar02.jpeg in Resources */ = {isa = PBXBuildFile; fileRef = 270F02351BDA19D900C0214B /* avatar02.jpeg */; };
		270F02381BDA20BA00C0214B /* avatar03.png in Resources */ = {isa = PBXBuildFile; fileRef = 270F02371BDA20BA00C0214B /* avatar03.png */; };
		270F023C1BDA249700C0214B /* LTMyFilesViewController.m in Sources */ = {isa = PBXBuildFile; fileRef = 270F023B1BDA249700C0214B /* LTMyFilesViewController.m */; };
		270F02411BDA3D6300C0214B /* LTChatListViewCell.m in Sources */ = {isa = PBXBuildFile; fileRef = 270F023F1BDA3D6300C0214B /* LTChatListViewCell.m */; };
		270F02421BDA3D6300C0214B /* LTChatListViewCell.xib in Resources */ = {isa = PBXBuildFile; fileRef = 270F02401BDA3D6300C0214B /* LTChatListViewCell.xib */; };
		275FA48D1BE1B8EC0050157A /* LTLinkVideoViewController.m in Sources */ = {isa = PBXBuildFile; fileRef = 275FA48B1BE1B8EC0050157A /* LTLinkVideoViewController.m */; };
		275FA48E1BE1B8EC0050157A /* LTLinkVideoViewController.xib in Resources */ = {isa = PBXBuildFile; fileRef = 275FA48C1BE1B8EC0050157A /* LTLinkVideoViewController.xib */; };
		275FA4921BE1C32C0050157A /* LTVoiceCallViewController.m in Sources */ = {isa = PBXBuildFile; fileRef = 275FA4901BE1C32C0050157A /* LTVoiceCallViewController.m */; };
		275FA4931BE1C32C0050157A /* LTVoiceCallViewController.xib in Resources */ = {isa = PBXBuildFile; fileRef = 275FA4911BE1C32C0050157A /* LTVoiceCallViewController.xib */; };
		275FA4981BE1F2540050157A /* LTLoginViewController.m in Sources */ = {isa = PBXBuildFile; fileRef = 275FA4971BE1F2540050157A /* LTLoginViewController.m */; };
		275FA49C1BE1FB2A0050157A /* LTUnderlineTextField.m in Sources */ = {isa = PBXBuildFile; fileRef = 275FA49B1BE1FB2A0050157A /* LTUnderlineTextField.m */; };
		275FA49F1BE2173F0050157A /* LTAnimatedImagesView.m in Sources */ = {isa = PBXBuildFile; fileRef = 275FA49E1BE2173F0050157A /* LTAnimatedImagesView.m */; };
		276FB8C71BD8922C006C1978 /* main.m in Sources */ = {isa = PBXBuildFile; fileRef = 276FB8C61BD8922C006C1978 /* main.m */; };
		276FB8D01BD8922C006C1978 /* Main.storyboard in Resources */ = {isa = PBXBuildFile; fileRef = 276FB8CE1BD8922C006C1978 /* Main.storyboard */; };
		276FB8D21BD8922C006C1978 /* Images.xcassets in Resources */ = {isa = PBXBuildFile; fileRef = 276FB8D11BD8922C006C1978 /* Images.xcassets */; };
		276FB8E11BD8922C006C1978 /* RCSTests.m in Sources */ = {isa = PBXBuildFile; fileRef = 276FB8E01BD8922C006C1978 /* RCSTests.m */; };
		276FB8EE1BD8B105006C1978 /* AppDelegate.mm in Sources */ = {isa = PBXBuildFile; fileRef = 276FB8ED1BD8B105006C1978 /* AppDelegate.mm */; };
		276FB8F71BD8B309006C1978 /* UIImage+LTRoundIcon.m in Sources */ = {isa = PBXBuildFile; fileRef = 276FB8F61BD8B309006C1978 /* UIImage+LTRoundIcon.m */; };
		276FB9001BD8DA79006C1978 /* LTNavigationController.m in Sources */ = {isa = PBXBuildFile; fileRef = 276FB8FF1BD8DA79006C1978 /* LTNavigationController.m */; };
		276FB9071BD8E520006C1978 /* LTSlideMenuViewController.m in Sources */ = {isa = PBXBuildFile; fileRef = 276FB9061BD8E520006C1978 /* LTSlideMenuViewController.m */; };
		276FB90B1BD8E592006C1978 /* LTChatListViewController.m in Sources */ = {isa = PBXBuildFile; fileRef = 276FB90A1BD8E592006C1978 /* LTChatListViewController.m */; };
		277100011BE6F92200B6E7AE /* libstdc++.6.0.9.dylib in Frameworks */ = {isa = PBXBuildFile; fileRef = 277100001BE6F92200B6E7AE /* libstdc++.6.0.9.dylib */; };
		277100031BE6FAC100B6E7AE /* mapapi.bundle in Resources */ = {isa = PBXBuildFile; fileRef = 277100021BE6FAC100B6E7AE /* mapapi.bundle */; };
		277100051BE6FAF400B6E7AE /* CoreLocation.framework in Frameworks */ = {isa = PBXBuildFile; fileRef = 277100041BE6FAF400B6E7AE /* CoreLocation.framework */; };
		277100071BE6FB0600B6E7AE /* QuartzCore.framework in Frameworks */ = {isa = PBXBuildFile; fileRef = 277100061BE6FB0600B6E7AE /* QuartzCore.framework */; };
		277100091BE6FB1200B6E7AE /* OpenGLES.framework in Frameworks */ = {isa = PBXBuildFile; fileRef = 277100081BE6FB1200B6E7AE /* OpenGLES.framework */; };
		2771000B1BE6FB2600B6E7AE /* SystemConfiguration.framework in Frameworks */ = {isa = PBXBuildFile; fileRef = 2771000A1BE6FB2600B6E7AE /* SystemConfiguration.framework */; };
		2771000D1BE6FB3300B6E7AE /* CoreGraphics.framework in Frameworks */ = {isa = PBXBuildFile; fileRef = 2771000C1BE6FB3300B6E7AE /* CoreGraphics.framework */; };
		2771000F1BE6FB4200B6E7AE /* Security.framework in Frameworks */ = {isa = PBXBuildFile; fileRef = 2771000E1BE6FB4200B6E7AE /* Security.framework */; };
		277100111BE6FB5B00B6E7AE /* CoreTelephony.framework in Frameworks */ = {isa = PBXBuildFile; fileRef = 277100101BE6FB5B00B6E7AE /* CoreTelephony.framework */; };
		277100151BE6FFF700B6E7AE /* LTBaiduMapViewController.m in Sources */ = {isa = PBXBuildFile; fileRef = 277100131BE6FFF700B6E7AE /* LTBaiduMapViewController.m */; };
		2771FFF91BE6F84B00B6E7AE /* BaiduMapAPI_Base.framework in Frameworks */ = {isa = PBXBuildFile; fileRef = 2771FFF81BE6F84B00B6E7AE /* BaiduMapAPI_Base.framework */; };
		2771FFFB1BE6F87000B6E7AE /* BaiduMapAPI_Location.framework in Frameworks */ = {isa = PBXBuildFile; fileRef = 2771FFFA1BE6F87000B6E7AE /* BaiduMapAPI_Location.framework */; };
		2771FFFD1BE6F87A00B6E7AE /* BaiduMapAPI_Map.framework in Frameworks */ = {isa = PBXBuildFile; fileRef = 2771FFFC1BE6F87A00B6E7AE /* BaiduMapAPI_Map.framework */; };
		2771FFFF1BE6F90E00B6E7AE /* libsqlite3.0.dylib in Frameworks */ = {isa = PBXBuildFile; fileRef = 2771FFFE1BE6F90E00B6E7AE /* libsqlite3.0.dylib */; };
		278438DC1BE0AA3300E20449 /* LTConsoleView.m in Sources */ = {isa = PBXBuildFile; fileRef = 278438DB1BE0AA3300E20449 /* LTConsoleView.m */; };
		278438DE1BE0AA6000E20449 /* LTConsoleView.xib in Resources */ = {isa = PBXBuildFile; fileRef = 278438DD1BE0AA6000E20449 /* LTConsoleView.xib */; };
		278438E01BE0B77900E20449 /* contacts.plist in Resources */ = {isa = PBXBuildFile; fileRef = 278438DF1BE0B77900E20449 /* contacts.plist */; };
		278438E41BE0B95D00E20449 /* LTContactModel.m in Sources */ = {isa = PBXBuildFile; fileRef = 278438E31BE0B95D00E20449 /* LTContactModel.m */; };
		278438E81BE0BF2700E20449 /* pinyin.c in Sources */ = {isa = PBXBuildFile; fileRef = 278438E61BE0BF2700E20449 /* pinyin.c */; };
		278438EB1BE0BFB900E20449 /* LTChineseString.m in Sources */ = {isa = PBXBuildFile; fileRef = 278438EA1BE0BFB900E20449 /* LTChineseString.m */; };
		279113421BDDD4EC00C984F6 /* LTBaseChatViewController.m in Sources */ = {isa = PBXBuildFile; fileRef = 279113411BDDD4EC00C984F6 /* LTBaseChatViewController.m */; };
		279113451BDDD71300C984F6 /* LTInputView.m in Sources */ = {isa = PBXBuildFile; fileRef = 279113441BDDD71300C984F6 /* LTInputView.m */; };
		279113471BDDD73B00C984F6 /* LTInputView.xib in Resources */ = {isa = PBXBuildFile; fileRef = 279113461BDDD73B00C984F6 /* LTInputView.xib */; };
		2791134A1BDDEDA800C984F6 /* LTAttachToolBarView.m in Sources */ = {isa = PBXBuildFile; fileRef = 279113491BDDEDA800C984F6 /* LTAttachToolBarView.m */; };
		279D2B791BDF224A00FAD0D3 /* LTMessageModel.m in Sources */ = {isa = PBXBuildFile; fileRef = 279D2B781BDF224A00FAD0D3 /* LTMessageModel.m */; };
		279D2B7C1BDF24A500FAD0D3 /* LTMessageFrameModel.m in Sources */ = {isa = PBXBuildFile; fileRef = 279D2B7B1BDF24A500FAD0D3 /* LTMessageFrameModel.m */; };
		279D2B851BDF4A0E00FAD0D3 /* LTMessageCell.m in Sources */ = {isa = PBXBuildFile; fileRef = 279D2B841BDF4A0E00FAD0D3 /* LTMessageCell.m */; };
		279D2B871BDF5A0700FAD0D3 /* messages.plist in Resources */ = {isa = PBXBuildFile; fileRef = 279D2B861BDF5A0700FAD0D3 /* messages.plist */; };
		27F6C3FD1BD9DBB9000ADB1F /* LTSlideMenuHeaderView.m in Sources */ = {isa = PBXBuildFile; fileRef = 27F6C3FC1BD9DBB9000ADB1F /* LTSlideMenuHeaderView.m */; };
		27F6C3FF1BD9DBE3000ADB1F /* LTSlideMenuHeaderView.xib in Resources */ = {isa = PBXBuildFile; fileRef = 27F6C3FE1BD9DBE3000ADB1F /* LTSlideMenuHeaderView.xib */; };
		3D0D0C5B81F938E268005EC0 /* libPods.a in Frameworks */ = {isa = PBXBuildFile; fileRef = 7EBAAB8C9FACC2ED27D7B992 /* libPods.a */; };
/* End PBXBuildFile section */

/* Begin PBXContainerItemProxy section */
		276FB8DB1BD8922C006C1978 /* PBXContainerItemProxy */ = {
			isa = PBXContainerItemProxy;
			containerPortal = 276FB8B91BD8922C006C1978 /* Project object */;
			proxyType = 1;
			remoteGlobalIDString = 276FB8C01BD8922C006C1978;
			remoteInfo = RCS;
		};
/* End PBXContainerItemProxy section */

/* Begin PBXFileReference section */
		270F022C1BD9FDD500C0214B /* avatar01.jpeg */ = {isa = PBXFileReference; lastKnownFileType = image.jpeg; path = avatar01.jpeg; sourceTree = "<group>"; };
		270F022E1BDA05BC00C0214B /* UIColor+LTExtension.h */ = {isa = PBXFileReference; fileEncoding = 4; lastKnownFileType = sourcecode.c.h; path = "UIColor+LTExtension.h"; sourceTree = "<group>"; };
		270F022F1BDA05BC00C0214B /* UIColor+LTExtension.m */ = {isa = PBXFileReference; fileEncoding = 4; lastKnownFileType = sourcecode.c.objc; path = "UIColor+LTExtension.m"; sourceTree = "<group>"; };
		270F02321BDA0FFF00C0214B /* LTContactsViewController.h */ = {isa = PBXFileReference; fileEncoding = 4; lastKnownFileType = sourcecode.c.h; path = LTContactsViewController.h; sourceTree = "<group>"; };
		270F02331BDA0FFF00C0214B /* LTContactsViewController.m */ = {isa = PBXFileReference; fileEncoding = 4; lastKnownFileType = sourcecode.c.objc; path = LTContactsViewController.m; sourceTree = "<group>"; };
		270F02351BDA19D900C0214B /* avatar02.jpeg */ = {isa = PBXFileReference; lastKnownFileType = image.jpeg; path = avatar02.jpeg; sourceTree = "<group>"; };
		270F02371BDA20BA00C0214B /* avatar03.png */ = {isa = PBXFileReference; lastKnownFileType = image.png; path = avatar03.png; sourceTree = "<group>"; };
		270F023A1BDA249700C0214B /* LTMyFilesViewController.h */ = {isa = PBXFileReference; fileEncoding = 4; lastKnownFileType = sourcecode.c.h; path = LTMyFilesViewController.h; sourceTree = "<group>"; };
		270F023B1BDA249700C0214B /* LTMyFilesViewController.m */ = {isa = PBXFileReference; fileEncoding = 4; lastKnownFileType = sourcecode.c.objc; path = LTMyFilesViewController.m; sourceTree = "<group>"; };
		270F023E1BDA3D6300C0214B /* LTChatListViewCell.h */ = {isa = PBXFileReference; fileEncoding = 4; lastKnownFileType = sourcecode.c.h; path = LTChatListViewCell.h; sourceTree = "<group>"; };
		270F023F1BDA3D6300C0214B /* LTChatListViewCell.m */ = {isa = PBXFileReference; fileEncoding = 4; lastKnownFileType = sourcecode.c.objc; path = LTChatListViewCell.m; sourceTree = "<group>"; };
		270F02401BDA3D6300C0214B /* LTChatListViewCell.xib */ = {isa = PBXFileReference; fileEncoding = 4; lastKnownFileType = file.xib; path = LTChatListViewCell.xib; sourceTree = "<group>"; };
		275FA48A1BE1B8EC0050157A /* LTLinkVideoViewController.h */ = {isa = PBXFileReference; fileEncoding = 4; lastKnownFileType = sourcecode.c.h; path = LTLinkVideoViewController.h; sourceTree = "<group>"; };
		275FA48B1BE1B8EC0050157A /* LTLinkVideoViewController.m */ = {isa = PBXFileReference; fileEncoding = 4; lastKnownFileType = sourcecode.c.objc; path = LTLinkVideoViewController.m; sourceTree = "<group>"; };
		275FA48C1BE1B8EC0050157A /* LTLinkVideoViewController.xib */ = {isa = PBXFileReference; fileEncoding = 4; lastKnownFileType = file.xib; path = LTLinkVideoViewController.xib; sourceTree = "<group>"; };
		275FA48F1BE1C32C0050157A /* LTVoiceCallViewController.h */ = {isa = PBXFileReference; fileEncoding = 4; lastKnownFileType = sourcecode.c.h; path = LTVoiceCallViewController.h; sourceTree = "<group>"; };
		275FA4901BE1C32C0050157A /* LTVoiceCallViewController.m */ = {isa = PBXFileReference; fileEncoding = 4; lastKnownFileType = sourcecode.c.objc; path = LTVoiceCallViewController.m; sourceTree = "<group>"; };
		275FA4911BE1C32C0050157A /* LTVoiceCallViewController.xib */ = {isa = PBXFileReference; fileEncoding = 4; lastKnownFileType = file.xib; path = LTVoiceCallViewController.xib; sourceTree = "<group>"; };
		275FA4961BE1F2540050157A /* LTLoginViewController.h */ = {isa = PBXFileReference; fileEncoding = 4; lastKnownFileType = sourcecode.c.h; path = LTLoginViewController.h; sourceTree = "<group>"; };
		275FA4971BE1F2540050157A /* LTLoginViewController.m */ = {isa = PBXFileReference; fileEncoding = 4; lastKnownFileType = sourcecode.c.objc; path = LTLoginViewController.m; sourceTree = "<group>"; };
		275FA49A1BE1FB2A0050157A /* LTUnderlineTextField.h */ = {isa = PBXFileReference; fileEncoding = 4; lastKnownFileType = sourcecode.c.h; path = LTUnderlineTextField.h; sourceTree = "<group>"; };
		275FA49B1BE1FB2A0050157A /* LTUnderlineTextField.m */ = {isa = PBXFileReference; fileEncoding = 4; lastKnownFileType = sourcecode.c.objc; path = LTUnderlineTextField.m; sourceTree = "<group>"; };
		275FA49D1BE2173F0050157A /* LTAnimatedImagesView.h */ = {isa = PBXFileReference; fileEncoding = 4; lastKnownFileType = sourcecode.c.h; path = LTAnimatedImagesView.h; sourceTree = "<group>"; };
		275FA49E1BE2173F0050157A /* LTAnimatedImagesView.m */ = {isa = PBXFileReference; fileEncoding = 4; lastKnownFileType = sourcecode.c.objc; path = LTAnimatedImagesView.m; sourceTree = "<group>"; };
		276FB8C11BD8922C006C1978 /* RCS.app */ = {isa = PBXFileReference; explicitFileType = wrapper.application; includeInIndex = 0; path = RCS.app; sourceTree = BUILT_PRODUCTS_DIR; };
		276FB8C51BD8922C006C1978 /* Info.plist */ = {isa = PBXFileReference; lastKnownFileType = text.plist.xml; path = Info.plist; sourceTree = "<group>"; };
		276FB8C61BD8922C006C1978 /* main.m */ = {isa = PBXFileReference; lastKnownFileType = sourcecode.c.objc; path = main.m; sourceTree = "<group>"; };
		276FB8CF1BD8922C006C1978 /* Base */ = {isa = PBXFileReference; lastKnownFileType = file.storyboard; name = Base; path = Base.lproj/Main.storyboard; sourceTree = "<group>"; };
		276FB8D11BD8922C006C1978 /* Images.xcassets */ = {isa = PBXFileReference; lastKnownFileType = folder.assetcatalog; path = Images.xcassets; sourceTree = "<group>"; };
		276FB8DA1BD8922C006C1978 /* RCSTests.xctest */ = {isa = PBXFileReference; explicitFileType = wrapper.cfbundle; includeInIndex = 0; path = RCSTests.xctest; sourceTree = BUILT_PRODUCTS_DIR; };
		276FB8DF1BD8922C006C1978 /* Info.plist */ = {isa = PBXFileReference; lastKnownFileType = text.plist.xml; path = Info.plist; sourceTree = "<group>"; };
		276FB8E01BD8922C006C1978 /* RCSTests.m */ = {isa = PBXFileReference; lastKnownFileType = sourcecode.c.objc; path = RCSTests.m; sourceTree = "<group>"; };
		276FB8EC1BD8B105006C1978 /* AppDelegate.h */ = {isa = PBXFileReference; fileEncoding = 4; lastKnownFileType = sourcecode.c.h; path = AppDelegate.h; sourceTree = "<group>"; };
		276FB8ED1BD8B105006C1978 /* AppDelegate.mm */ = {isa = PBXFileReference; fileEncoding = 4; lastKnownFileType = sourcecode.cpp.objcpp; path = AppDelegate.mm; sourceTree = "<group>"; };
		276FB8F51BD8B309006C1978 /* UIImage+LTRoundIcon.h */ = {isa = PBXFileReference; fileEncoding = 4; lastKnownFileType = sourcecode.c.h; path = "UIImage+LTRoundIcon.h"; sourceTree = "<group>"; };
		276FB8F61BD8B309006C1978 /* UIImage+LTRoundIcon.m */ = {isa = PBXFileReference; fileEncoding = 4; lastKnownFileType = sourcecode.c.objc; path = "UIImage+LTRoundIcon.m"; sourceTree = "<group>"; };
		276FB8FE1BD8DA79006C1978 /* LTNavigationController.h */ = {isa = PBXFileReference; fileEncoding = 4; lastKnownFileType = sourcecode.c.h; path = LTNavigationController.h; sourceTree = "<group>"; };
		276FB8FF1BD8DA79006C1978 /* LTNavigationController.m */ = {isa = PBXFileReference; fileEncoding = 4; lastKnownFileType = sourcecode.c.objc; path = LTNavigationController.m; sourceTree = "<group>"; };
		276FB9051BD8E520006C1978 /* LTSlideMenuViewController.h */ = {isa = PBXFileReference; fileEncoding = 4; lastKnownFileType = sourcecode.c.h; path = LTSlideMenuViewController.h; sourceTree = "<group>"; };
		276FB9061BD8E520006C1978 /* LTSlideMenuViewController.m */ = {isa = PBXFileReference; fileEncoding = 4; lastKnownFileType = sourcecode.c.objc; path = LTSlideMenuViewController.m; sourceTree = "<group>"; };
		276FB9091BD8E592006C1978 /* LTChatListViewController.h */ = {isa = PBXFileReference; fileEncoding = 4; lastKnownFileType = sourcecode.c.h; path = LTChatListViewController.h; sourceTree = "<group>"; };
		276FB90A1BD8E592006C1978 /* LTChatListViewController.m */ = {isa = PBXFileReference; fileEncoding = 4; lastKnownFileType = sourcecode.c.objc; path = LTChatListViewController.m; sourceTree = "<group>"; };
		277100001BE6F92200B6E7AE /* libstdc++.6.0.9.dylib */ = {isa = PBXFileReference; lastKnownFileType = "compiled.mach-o.dylib"; name = "libstdc++.6.0.9.dylib"; path = "usr/lib/libstdc++.6.0.9.dylib"; sourceTree = SDKROOT; };
		277100021BE6FAC100B6E7AE /* mapapi.bundle */ = {isa = PBXFileReference; lastKnownFileType = "wrapper.plug-in"; name = mapapi.bundle; path = BaiduMapAPI_Map.framework/Resources/mapapi.bundle; sourceTree = "<group>"; };
		277100041BE6FAF400B6E7AE /* CoreLocation.framework */ = {isa = PBXFileReference; lastKnownFileType = wrapper.framework; name = CoreLocation.framework; path = System/Library/Frameworks/CoreLocation.framework; sourceTree = SDKROOT; };
		277100061BE6FB0600B6E7AE /* QuartzCore.framework */ = {isa = PBXFileReference; lastKnownFileType = wrapper.framework; name = QuartzCore.framework; path = System/Library/Frameworks/QuartzCore.framework; sourceTree = SDKROOT; };
		277100081BE6FB1200B6E7AE /* OpenGLES.framework */ = {isa = PBXFileReference; lastKnownFileType = wrapper.framework; name = OpenGLES.framework; path = System/Library/Frameworks/OpenGLES.framework; sourceTree = SDKROOT; };
		2771000A1BE6FB2600B6E7AE /* SystemConfiguration.framework */ = {isa = PBXFileReference; lastKnownFileType = wrapper.framework; name = SystemConfiguration.framework; path = System/Library/Frameworks/SystemConfiguration.framework; sourceTree = SDKROOT; };
		2771000C1BE6FB3300B6E7AE /* CoreGraphics.framework */ = {isa = PBXFileReference; lastKnownFileType = wrapper.framework; name = CoreGraphics.framework; path = System/Library/Frameworks/CoreGraphics.framework; sourceTree = SDKROOT; };
		2771000E1BE6FB4200B6E7AE /* Security.framework */ = {isa = PBXFileReference; lastKnownFileType = wrapper.framework; name = Security.framework; path = System/Library/Frameworks/Security.framework; sourceTree = SDKROOT; };
		277100101BE6FB5B00B6E7AE /* CoreTelephony.framework */ = {isa = PBXFileReference; lastKnownFileType = wrapper.framework; name = CoreTelephony.framework; path = System/Library/Frameworks/CoreTelephony.framework; sourceTree = SDKROOT; };
		277100121BE6FFF700B6E7AE /* LTBaiduMapViewController.h */ = {isa = PBXFileReference; fileEncoding = 4; lastKnownFileType = sourcecode.c.h; path = LTBaiduMapViewController.h; sourceTree = "<group>"; };
		277100131BE6FFF700B6E7AE /* LTBaiduMapViewController.m */ = {isa = PBXFileReference; fileEncoding = 4; lastKnownFileType = sourcecode.c.objc; path = LTBaiduMapViewController.m; sourceTree = "<group>"; };
		2771FFF81BE6F84B00B6E7AE /* BaiduMapAPI_Base.framework */ = {isa = PBXFileReference; lastKnownFileType = wrapper.framework; name = BaiduMapAPI_Base.framework; path = RCS/BaiduMapAPI_Base.framework; sourceTree = "<group>"; };
		2771FFFA1BE6F87000B6E7AE /* BaiduMapAPI_Location.framework */ = {isa = PBXFileReference; lastKnownFileType = wrapper.framework; name = BaiduMapAPI_Location.framework; path = RCS/BaiduMapAPI_Location.framework; sourceTree = "<group>"; };
		2771FFFC1BE6F87A00B6E7AE /* BaiduMapAPI_Map.framework */ = {isa = PBXFileReference; lastKnownFileType = wrapper.framework; name = BaiduMapAPI_Map.framework; path = RCS/BaiduMapAPI_Map.framework; sourceTree = "<group>"; };
		2771FFFE1BE6F90E00B6E7AE /* libsqlite3.0.dylib */ = {isa = PBXFileReference; lastKnownFileType = "compiled.mach-o.dylib"; name = libsqlite3.0.dylib; path = usr/lib/libsqlite3.0.dylib; sourceTree = SDKROOT; };
		278438DA1BE0AA3300E20449 /* LTConsoleView.h */ = {isa = PBXFileReference; fileEncoding = 4; lastKnownFileType = sourcecode.c.h; path = LTConsoleView.h; sourceTree = "<group>"; };
		278438DB1BE0AA3300E20449 /* LTConsoleView.m */ = {isa = PBXFileReference; fileEncoding = 4; lastKnownFileType = sourcecode.c.objc; path = LTConsoleView.m; sourceTree = "<group>"; };
		278438DD1BE0AA6000E20449 /* LTConsoleView.xib */ = {isa = PBXFileReference; fileEncoding = 4; lastKnownFileType = file.xib; path = LTConsoleView.xib; sourceTree = "<group>"; };
		278438DF1BE0B77900E20449 /* contacts.plist */ = {isa = PBXFileReference; fileEncoding = 4; lastKnownFileType = text.plist.xml; path = contacts.plist; sourceTree = "<group>"; };
		278438E21BE0B95D00E20449 /* LTContactModel.h */ = {isa = PBXFileReference; fileEncoding = 4; lastKnownFileType = sourcecode.c.h; path = LTContactModel.h; sourceTree = "<group>"; };
		278438E31BE0B95D00E20449 /* LTContactModel.m */ = {isa = PBXFileReference; fileEncoding = 4; lastKnownFileType = sourcecode.c.objc; path = LTContactModel.m; sourceTree = "<group>"; };
		278438E61BE0BF2700E20449 /* pinyin.c */ = {isa = PBXFileReference; fileEncoding = 4; lastKnownFileType = sourcecode.c.c; path = pinyin.c; sourceTree = "<group>"; };
		278438E71BE0BF2700E20449 /* pinyin.h */ = {isa = PBXFileReference; fileEncoding = 4; lastKnownFileType = sourcecode.c.h; path = pinyin.h; sourceTree = "<group>"; };
		278438E91BE0BFB900E20449 /* LTChineseString.h */ = {isa = PBXFileReference; fileEncoding = 4; lastKnownFileType = sourcecode.c.h; path = LTChineseString.h; sourceTree = "<group>"; };
		278438EA1BE0BFB900E20449 /* LTChineseString.m */ = {isa = PBXFileReference; fileEncoding = 4; lastKnownFileType = sourcecode.c.objc; path = LTChineseString.m; sourceTree = "<group>"; };
		279113401BDDD4EC00C984F6 /* LTBaseChatViewController.h */ = {isa = PBXFileReference; fileEncoding = 4; lastKnownFileType = sourcecode.c.h; path = LTBaseChatViewController.h; sourceTree = "<group>"; };
		279113411BDDD4EC00C984F6 /* LTBaseChatViewController.m */ = {isa = PBXFileReference; fileEncoding = 4; lastKnownFileType = sourcecode.c.objc; path = LTBaseChatViewController.m; sourceTree = "<group>"; };
		279113431BDDD71300C984F6 /* LTInputView.h */ = {isa = PBXFileReference; fileEncoding = 4; lastKnownFileType = sourcecode.c.h; path = LTInputView.h; sourceTree = "<group>"; };
		279113441BDDD71300C984F6 /* LTInputView.m */ = {isa = PBXFileReference; fileEncoding = 4; lastKnownFileType = sourcecode.c.objc; path = LTInputView.m; sourceTree = "<group>"; };
		279113461BDDD73B00C984F6 /* LTInputView.xib */ = {isa = PBXFileReference; fileEncoding = 4; lastKnownFileType = file.xib; path = LTInputView.xib; sourceTree = "<group>"; };
		279113481BDDEDA800C984F6 /* LTAttachToolBarView.h */ = {isa = PBXFileReference; fileEncoding = 4; lastKnownFileType = sourcecode.c.h; path = LTAttachToolBarView.h; sourceTree = "<group>"; };
		279113491BDDEDA800C984F6 /* LTAttachToolBarView.m */ = {isa = PBXFileReference; fileEncoding = 4; lastKnownFileType = sourcecode.c.objc; path = LTAttachToolBarView.m; sourceTree = "<group>"; };
		279D2B771BDF224A00FAD0D3 /* LTMessageModel.h */ = {isa = PBXFileReference; fileEncoding = 4; lastKnownFileType = sourcecode.c.h; path = LTMessageModel.h; sourceTree = "<group>"; };
		279D2B781BDF224A00FAD0D3 /* LTMessageModel.m */ = {isa = PBXFileReference; fileEncoding = 4; lastKnownFileType = sourcecode.c.objc; path = LTMessageModel.m; sourceTree = "<group>"; };
		279D2B7A1BDF24A500FAD0D3 /* LTMessageFrameModel.h */ = {isa = PBXFileReference; fileEncoding = 4; lastKnownFileType = sourcecode.c.h; path = LTMessageFrameModel.h; sourceTree = "<group>"; };
		279D2B7B1BDF24A500FAD0D3 /* LTMessageFrameModel.m */ = {isa = PBXFileReference; fileEncoding = 4; lastKnownFileType = sourcecode.c.objc; path = LTMessageFrameModel.m; sourceTree = "<group>"; };
		279D2B831BDF4A0E00FAD0D3 /* LTMessageCell.h */ = {isa = PBXFileReference; fileEncoding = 4; lastKnownFileType = sourcecode.c.h; path = LTMessageCell.h; sourceTree = "<group>"; };
		279D2B841BDF4A0E00FAD0D3 /* LTMessageCell.m */ = {isa = PBXFileReference; fileEncoding = 4; lastKnownFileType = sourcecode.c.objc; path = LTMessageCell.m; sourceTree = "<group>"; };
		279D2B861BDF5A0700FAD0D3 /* messages.plist */ = {isa = PBXFileReference; fileEncoding = 4; lastKnownFileType = text.plist.xml; path = messages.plist; sourceTree = "<group>"; };
		27E755D71BDE10FF001B4FE3 /* Public.h */ = {isa = PBXFileReference; fileEncoding = 4; lastKnownFileType = sourcecode.c.h; path = Public.h; sourceTree = "<group>"; };
		27E755D81BDE112A001B4FE3 /* PrefixHeader.pch */ = {isa = PBXFileReference; fileEncoding = 4; lastKnownFileType = sourcecode.c.h; path = PrefixHeader.pch; sourceTree = "<group>"; };
		27F6C3FB1BD9DBB9000ADB1F /* LTSlideMenuHeaderView.h */ = {isa = PBXFileReference; fileEncoding = 4; lastKnownFileType = sourcecode.c.h; path = LTSlideMenuHeaderView.h; sourceTree = "<group>"; };
		27F6C3FC1BD9DBB9000ADB1F /* LTSlideMenuHeaderView.m */ = {isa = PBXFileReference; fileEncoding = 4; lastKnownFileType = sourcecode.c.objc; path = LTSlideMenuHeaderView.m; sourceTree = "<group>"; };
		27F6C3FE1BD9DBE3000ADB1F /* LTSlideMenuHeaderView.xib */ = {isa = PBXFileReference; fileEncoding = 4; lastKnownFileType = file.xib; path = LTSlideMenuHeaderView.xib; sourceTree = "<group>"; };
		3F510747AEA9466AC7F8835F /* Pods.release.xcconfig */ = {isa = PBXFileReference; includeInIndex = 1; lastKnownFileType = text.xcconfig; name = Pods.release.xcconfig; path = "Pods/Target Support Files/Pods/Pods.release.xcconfig"; sourceTree = "<group>"; };
		7EBAAB8C9FACC2ED27D7B992 /* libPods.a */ = {isa = PBXFileReference; explicitFileType = archive.ar; includeInIndex = 0; path = libPods.a; sourceTree = BUILT_PRODUCTS_DIR; };
		E3ADF575E48F128A6F98A79D /* Pods.debug.xcconfig */ = {isa = PBXFileReference; includeInIndex = 1; lastKnownFileType = text.xcconfig; name = Pods.debug.xcconfig; path = "Pods/Target Support Files/Pods/Pods.debug.xcconfig"; sourceTree = "<group>"; };
/* End PBXFileReference section */

/* Begin PBXFrameworksBuildPhase section */
		276FB8BE1BD8922C006C1978 /* Frameworks */ = {
			isa = PBXFrameworksBuildPhase;
			buildActionMask = 2147483647;
			files = (
				277100111BE6FB5B00B6E7AE /* CoreTelephony.framework in Frameworks */,
				2771000F1BE6FB4200B6E7AE /* Security.framework in Frameworks */,
				2771000D1BE6FB3300B6E7AE /* CoreGraphics.framework in Frameworks */,
				2771000B1BE6FB2600B6E7AE /* SystemConfiguration.framework in Frameworks */,
				277100091BE6FB1200B6E7AE /* OpenGLES.framework in Frameworks */,
				277100071BE6FB0600B6E7AE /* QuartzCore.framework in Frameworks */,
				277100051BE6FAF400B6E7AE /* CoreLocation.framework in Frameworks */,
				277100011BE6F92200B6E7AE /* libstdc++.6.0.9.dylib in Frameworks */,
				2771FFFF1BE6F90E00B6E7AE /* libsqlite3.0.dylib in Frameworks */,
				2771FFFD1BE6F87A00B6E7AE /* BaiduMapAPI_Map.framework in Frameworks */,
				2771FFFB1BE6F87000B6E7AE /* BaiduMapAPI_Location.framework in Frameworks */,
				2771FFF91BE6F84B00B6E7AE /* BaiduMapAPI_Base.framework in Frameworks */,
				3D0D0C5B81F938E268005EC0 /* libPods.a in Frameworks */,
			);
			runOnlyForDeploymentPostprocessing = 0;
		};
		276FB8D71BD8922C006C1978 /* Frameworks */ = {
			isa = PBXFrameworksBuildPhase;
			buildActionMask = 2147483647;
			files = (
			);
			runOnlyForDeploymentPostprocessing = 0;
		};
/* End PBXFrameworksBuildPhase section */

/* Begin PBXGroup section */
		270F022B1BD9FD3E00C0214B /* Resource */ = {
			isa = PBXGroup;
			children = (
				270F022C1BD9FDD500C0214B /* avatar01.jpeg */,
				270F02351BDA19D900C0214B /* avatar02.jpeg */,
				270F02371BDA20BA00C0214B /* avatar03.png */,
			);
			path = Resource;
			sourceTree = "<group>";
		};
		270F02311BDA0E9100C0214B /* Controllers */ = {
			isa = PBXGroup;
			children = (
				270F02321BDA0FFF00C0214B /* LTContactsViewController.h */,
				270F02331BDA0FFF00C0214B /* LTContactsViewController.m */,
			);
			path = Controllers;
			sourceTree = "<group>";
		};
		270F02391BDA240B00C0214B /* Controllers */ = {
			isa = PBXGroup;
			children = (
				270F023A1BDA249700C0214B /* LTMyFilesViewController.h */,
				270F023B1BDA249700C0214B /* LTMyFilesViewController.m */,
			);
			path = Controllers;
			sourceTree = "<group>";
		};
		270F023D1BDA3D3200C0214B /* Views */ = {
			isa = PBXGroup;
			children = (
				270F023E1BDA3D6300C0214B /* LTChatListViewCell.h */,
				270F023F1BDA3D6300C0214B /* LTChatListViewCell.m */,
				270F02401BDA3D6300C0214B /* LTChatListViewCell.xib */,
			);
			path = Views;
			sourceTree = "<group>";
		};
		275FA4941BE1F1D10050157A /* Login(登录) */ = {
			isa = PBXGroup;
			children = (
				275FA4991BE1FAD90050157A /* Lib */,
				275FA4951BE1F2270050157A /* Controllers */,
			);
			name = "Login(登录)";
			path = Login;
			sourceTree = "<group>";
		};
		275FA4951BE1F2270050157A /* Controllers */ = {
			isa = PBXGroup;
			children = (
				275FA4961BE1F2540050157A /* LTLoginViewController.h */,
				275FA4971BE1F2540050157A /* LTLoginViewController.m */,
			);
			path = Controllers;
			sourceTree = "<group>";
		};
		275FA4991BE1FAD90050157A /* Lib */ = {
			isa = PBXGroup;
			children = (
				275FA49A1BE1FB2A0050157A /* LTUnderlineTextField.h */,
				275FA49B1BE1FB2A0050157A /* LTUnderlineTextField.m */,
				275FA49D1BE2173F0050157A /* LTAnimatedImagesView.h */,
				275FA49E1BE2173F0050157A /* LTAnimatedImagesView.m */,
			);
			path = Lib;
			sourceTree = "<group>";
		};
		276FB8B81BD8922C006C1978 = {
			isa = PBXGroup;
			children = (
				276FB8C31BD8922C006C1978 /* RCS */,
				276FB8DD1BD8922C006C1978 /* RCSTests */,
				276FB8C21BD8922C006C1978 /* Products */,
				3001C29D63923E0D797DCA5D /* Pods */,
				D82CF4A475D7F9BFA98CC6AD /* Frameworks */,
			);
			sourceTree = "<group>";
		};
		276FB8C21BD8922C006C1978 /* Products */ = {
			isa = PBXGroup;
			children = (
				276FB8C11BD8922C006C1978 /* RCS.app */,
				276FB8DA1BD8922C006C1978 /* RCSTests.xctest */,
			);
			name = Products;
			sourceTree = "<group>";
		};
		276FB8C31BD8922C006C1978 /* RCS */ = {
			isa = PBXGroup;
			children = (
				276FB8EB1BD8B0D5006C1978 /* Others */,
				276FB8EA1BD89268006C1978 /* Classes */,
				276FB8C41BD8922C006C1978 /* Supporting Files */,
			);
			path = RCS;
			sourceTree = "<group>";
		};
		276FB8C41BD8922C006C1978 /* Supporting Files */ = {
			isa = PBXGroup;
			children = (
				277100021BE6FAC100B6E7AE /* mapapi.bundle */,
				270F022B1BD9FD3E00C0214B /* Resource */,
				276FB8CE1BD8922C006C1978 /* Main.storyboard */,
				276FB8D11BD8922C006C1978 /* Images.xcassets */,
				279D2B861BDF5A0700FAD0D3 /* messages.plist */,
				278438DF1BE0B77900E20449 /* contacts.plist */,
				276FB8C51BD8922C006C1978 /* Info.plist */,
				276FB8C61BD8922C006C1978 /* main.m */,
				27E755D81BDE112A001B4FE3 /* PrefixHeader.pch */,
			);
			name = "Supporting Files";
			sourceTree = "<group>";
		};
		276FB8DD1BD8922C006C1978 /* RCSTests */ = {
			isa = PBXGroup;
			children = (
				276FB8E01BD8922C006C1978 /* RCSTests.m */,
				276FB8DE1BD8922C006C1978 /* Supporting Files */,
			);
			path = RCSTests;
			sourceTree = "<group>";
		};
		276FB8DE1BD8922C006C1978 /* Supporting Files */ = {
			isa = PBXGroup;
			children = (
				276FB8DF1BD8922C006C1978 /* Info.plist */,
			);
			name = "Supporting Files";
			sourceTree = "<group>";
		};
		276FB8EA1BD89268006C1978 /* Classes */ = {
			isa = PBXGroup;
			children = (
				276FB8F31BD8B249006C1978 /* Common(公用) */,
				275FA4941BE1F1D10050157A /* Login(登录) */,
				276FB8EF1BD8B10C006C1978 /* SlideMenu(侧边栏菜单) */,
				276FB8F01BD8B151006C1978 /* Chat(聊天) */,
				276FB8F11BD8B16F006C1978 /* Contacts(通讯录) */,
				276FB8F21BD8B1E2006C1978 /* MyFiles(我的文件) */,
			);
			path = Classes;
			sourceTree = "<group>";
		};
		276FB8EB1BD8B0D5006C1978 /* Others */ = {
			isa = PBXGroup;
			children = (
				27E755D51BDE10A5001B4FE3 /* HeaderFile */,
				276FB8EC1BD8B105006C1978 /* AppDelegate.h */,
				276FB8ED1BD8B105006C1978 /* AppDelegate.mm */,
			);
			path = Others;
			sourceTree = "<group>";
		};
		276FB8EF1BD8B10C006C1978 /* SlideMenu(侧边栏菜单) */ = {
			isa = PBXGroup;
			children = (
				27F6C3FA1BD9DB66000ADB1F /* Views */,
				276FB9041BD8E4D0006C1978 /* Controllers */,
			);
			name = "SlideMenu(侧边栏菜单)";
			path = SlideMenu;
			sourceTree = "<group>";
		};
		276FB8F01BD8B151006C1978 /* Chat(聊天) */ = {
			isa = PBXGroup;
			children = (
				270F023D1BDA3D3200C0214B /* Views */,
				276FB9081BD8E54C006C1978 /* Controllers */,
			);
			name = "Chat(聊天)";
			path = Chat;
			sourceTree = "<group>";
		};
		276FB8F11BD8B16F006C1978 /* Contacts(通讯录) */ = {
			isa = PBXGroup;
			children = (
				278438E51BE0BF0700E20449 /* Tools */,
				278438E11BE0B8FE00E20449 /* Model */,
				278438D91BE0A97F00E20449 /* Views */,
				270F02311BDA0E9100C0214B /* Controllers */,
			);
			name = "Contacts(通讯录)";
			path = Contacts;
			sourceTree = "<group>";
		};
		276FB8F21BD8B1E2006C1978 /* MyFiles(我的文件) */ = {
			isa = PBXGroup;
			children = (
				270F02391BDA240B00C0214B /* Controllers */,
			);
			name = "MyFiles(我的文件)";
			path = MyFiles;
			sourceTree = "<group>";
		};
		276FB8F31BD8B249006C1978 /* Common(公用) */ = {
			isa = PBXGroup;
			children = (
				279D2B761BDF21A500FAD0D3 /* Model */,
				2791133F1BDDD49800C984F6 /* Views */,
				276FB8FD1BD8DA43006C1978 /* Controllers */,
				276FB8F41BD8B2B4006C1978 /* Tools */,
			);
			name = "Common(公用)";
			path = Common;
			sourceTree = "<group>";
		};
		276FB8F41BD8B2B4006C1978 /* Tools */ = {
			isa = PBXGroup;
			children = (
				276FB8F51BD8B309006C1978 /* UIImage+LTRoundIcon.h */,
				276FB8F61BD8B309006C1978 /* UIImage+LTRoundIcon.m */,
				270F022E1BDA05BC00C0214B /* UIColor+LTExtension.h */,
				270F022F1BDA05BC00C0214B /* UIColor+LTExtension.m */,
			);
			path = Tools;
			sourceTree = "<group>";
		};
		276FB8FD1BD8DA43006C1978 /* Controllers */ = {
			isa = PBXGroup;
			children = (
				276FB8FE1BD8DA79006C1978 /* LTNavigationController.h */,
				276FB8FF1BD8DA79006C1978 /* LTNavigationController.m */,
				279113401BDDD4EC00C984F6 /* LTBaseChatViewController.h */,
				279113411BDDD4EC00C984F6 /* LTBaseChatViewController.m */,
			);
			path = Controllers;
			sourceTree = "<group>";
		};
		276FB9041BD8E4D0006C1978 /* Controllers */ = {
			isa = PBXGroup;
			children = (
				276FB9051BD8E520006C1978 /* LTSlideMenuViewController.h */,
				276FB9061BD8E520006C1978 /* LTSlideMenuViewController.m */,
			);
			path = Controllers;
			sourceTree = "<group>";
		};
		276FB9081BD8E54C006C1978 /* Controllers */ = {
			isa = PBXGroup;
			children = (
				276FB9091BD8E592006C1978 /* LTChatListViewController.h */,
				276FB90A1BD8E592006C1978 /* LTChatListViewController.m */,
				275FA48A1BE1B8EC0050157A /* LTLinkVideoViewController.h */,
				275FA48B1BE1B8EC0050157A /* LTLinkVideoViewController.m */,
				275FA48C1BE1B8EC0050157A /* LTLinkVideoViewController.xib */,
				275FA48F1BE1C32C0050157A /* LTVoiceCallViewController.h */,
				275FA4901BE1C32C0050157A /* LTVoiceCallViewController.m */,
				275FA4911BE1C32C0050157A /* LTVoiceCallViewController.xib */,
				277100121BE6FFF700B6E7AE /* LTBaiduMapViewController.h */,
				277100131BE6FFF700B6E7AE /* LTBaiduMapViewController.m */,
			);
			path = Controllers;
			sourceTree = "<group>";
		};
		278438D91BE0A97F00E20449 /* Views */ = {
			isa = PBXGroup;
			children = (
				278438DA1BE0AA3300E20449 /* LTConsoleView.h */,
				278438DB1BE0AA3300E20449 /* LTConsoleView.m */,
				278438DD1BE0AA6000E20449 /* LTConsoleView.xib */,
			);
			path = Views;
			sourceTree = "<group>";
		};
		278438E11BE0B8FE00E20449 /* Model */ = {
			isa = PBXGroup;
			children = (
				278438E21BE0B95D00E20449 /* LTContactModel.h */,
				278438E31BE0B95D00E20449 /* LTContactModel.m */,
			);
			path = Model;
			sourceTree = "<group>";
		};
		278438E51BE0BF0700E20449 /* Tools */ = {
			isa = PBXGroup;
			children = (
				278438E61BE0BF2700E20449 /* pinyin.c */,
				278438E71BE0BF2700E20449 /* pinyin.h */,
				278438E91BE0BFB900E20449 /* LTChineseString.h */,
				278438EA1BE0BFB900E20449 /* LTChineseString.m */,
			);
			path = Tools;
			sourceTree = "<group>";
		};
		2791133F1BDDD49800C984F6 /* Views */ = {
			isa = PBXGroup;
			children = (
				279113431BDDD71300C984F6 /* LTInputView.h */,
				279113441BDDD71300C984F6 /* LTInputView.m */,
				279113461BDDD73B00C984F6 /* LTInputView.xib */,
				279113481BDDEDA800C984F6 /* LTAttachToolBarView.h */,
				279113491BDDEDA800C984F6 /* LTAttachToolBarView.m */,
				279D2B831BDF4A0E00FAD0D3 /* LTMessageCell.h */,
				279D2B841BDF4A0E00FAD0D3 /* LTMessageCell.m */,
			);
			path = Views;
			sourceTree = "<group>";
		};
		279D2B761BDF21A500FAD0D3 /* Model */ = {
			isa = PBXGroup;
			children = (
				279D2B771BDF224A00FAD0D3 /* LTMessageModel.h */,
				279D2B781BDF224A00FAD0D3 /* LTMessageModel.m */,
				279D2B7A1BDF24A500FAD0D3 /* LTMessageFrameModel.h */,
				279D2B7B1BDF24A500FAD0D3 /* LTMessageFrameModel.m */,
			);
			path = Model;
			sourceTree = "<group>";
		};
		27E755D51BDE10A5001B4FE3 /* HeaderFile */ = {
			isa = PBXGroup;
			children = (
				27E755D71BDE10FF001B4FE3 /* Public.h */,
			);
			path = HeaderFile;
			sourceTree = "<group>";
		};
		27F6C3FA1BD9DB66000ADB1F /* Views */ = {
			isa = PBXGroup;
			children = (
				27F6C3FB1BD9DBB9000ADB1F /* LTSlideMenuHeaderView.h */,
				27F6C3FC1BD9DBB9000ADB1F /* LTSlideMenuHeaderView.m */,
				27F6C3FE1BD9DBE3000ADB1F /* LTSlideMenuHeaderView.xib */,
			);
			path = Views;
			sourceTree = "<group>";
		};
		3001C29D63923E0D797DCA5D /* Pods */ = {
			isa = PBXGroup;
			children = (
				E3ADF575E48F128A6F98A79D /* Pods.debug.xcconfig */,
				3F510747AEA9466AC7F8835F /* Pods.release.xcconfig */,
			);
			name = Pods;
			sourceTree = "<group>";
		};
		D82CF4A475D7F9BFA98CC6AD /* Frameworks */ = {
			isa = PBXGroup;
			children = (
				277100101BE6FB5B00B6E7AE /* CoreTelephony.framework */,
				2771000E1BE6FB4200B6E7AE /* Security.framework */,
				2771000C1BE6FB3300B6E7AE /* CoreGraphics.framework */,
				2771000A1BE6FB2600B6E7AE /* SystemConfiguration.framework */,
				277100081BE6FB1200B6E7AE /* OpenGLES.framework */,
				277100061BE6FB0600B6E7AE /* QuartzCore.framework */,
				277100041BE6FAF400B6E7AE /* CoreLocation.framework */,
				277100001BE6F92200B6E7AE /* libstdc++.6.0.9.dylib */,
				2771FFFE1BE6F90E00B6E7AE /* libsqlite3.0.dylib */,
				2771FFFC1BE6F87A00B6E7AE /* BaiduMapAPI_Map.framework */,
				2771FFFA1BE6F87000B6E7AE /* BaiduMapAPI_Location.framework */,
				2771FFF81BE6F84B00B6E7AE /* BaiduMapAPI_Base.framework */,
				7EBAAB8C9FACC2ED27D7B992 /* libPods.a */,
			);
			name = Frameworks;
			sourceTree = "<group>";
		};
/* End PBXGroup section */

/* Begin PBXNativeTarget section */
		276FB8C01BD8922C006C1978 /* RCS */ = {
			isa = PBXNativeTarget;
			buildConfigurationList = 276FB8E41BD8922C006C1978 /* Build configuration list for PBXNativeTarget "RCS" */;
			buildPhases = (
				D01DA7C136F8403F20CA7BF4 /* Check Pods Manifest.lock */,
				276FB8BD1BD8922C006C1978 /* Sources */,
				276FB8BE1BD8922C006C1978 /* Frameworks */,
				276FB8BF1BD8922C006C1978 /* Resources */,
				0EDC783B6532BD1ADE5DFC71 /* Embed Pods Frameworks */,
				DA80B63E962A5689F257CC06 /* Copy Pods Resources */,
			);
			buildRules = (
			);
			dependencies = (
			);
			name = RCS;
			productName = RCS;
			productReference = 276FB8C11BD8922C006C1978 /* RCS.app */;
			productType = "com.apple.product-type.application";
		};
		276FB8D91BD8922C006C1978 /* RCSTests */ = {
			isa = PBXNativeTarget;
			buildConfigurationList = 276FB8E71BD8922C006C1978 /* Build configuration list for PBXNativeTarget "RCSTests" */;
			buildPhases = (
				276FB8D61BD8922C006C1978 /* Sources */,
				276FB8D71BD8922C006C1978 /* Frameworks */,
				276FB8D81BD8922C006C1978 /* Resources */,
			);
			buildRules = (
			);
			dependencies = (
				276FB8DC1BD8922C006C1978 /* PBXTargetDependency */,
			);
			name = RCSTests;
			productName = RCSTests;
			productReference = 276FB8DA1BD8922C006C1978 /* RCSTests.xctest */;
			productType = "com.apple.product-type.bundle.unit-test";
		};
/* End PBXNativeTarget section */

/* Begin PBXProject section */
		276FB8B91BD8922C006C1978 /* Project object */ = {
			isa = PBXProject;
			attributes = {
				LastUpgradeCheck = 0630;
				ORGANIZATIONNAME = BGXT;
				TargetAttributes = {
					276FB8C01BD8922C006C1978 = {
						CreatedOnToolsVersion = 6.3;
						DevelopmentTeam = X9594DCYB5;
					};
					276FB8D91BD8922C006C1978 = {
						CreatedOnToolsVersion = 6.3;
						TestTargetID = 276FB8C01BD8922C006C1978;
					};
				};
			};
			buildConfigurationList = 276FB8BC1BD8922C006C1978 /* Build configuration list for PBXProject "RCS" */;
			compatibilityVersion = "Xcode 3.2";
			developmentRegion = English;
			hasScannedForEncodings = 0;
			knownRegions = (
				en,
				Base,
			);
			mainGroup = 276FB8B81BD8922C006C1978;
			productRefGroup = 276FB8C21BD8922C006C1978 /* Products */;
			projectDirPath = "";
			projectRoot = "";
			targets = (
				276FB8C01BD8922C006C1978 /* RCS */,
				276FB8D91BD8922C006C1978 /* RCSTests */,
			);
		};
/* End PBXProject section */

/* Begin PBXResourcesBuildPhase section */
		276FB8BF1BD8922C006C1978 /* Resources */ = {
			isa = PBXResourcesBuildPhase;
			buildActionMask = 2147483647;
			files = (
				27F6C3FF1BD9DBE3000ADB1F /* LTSlideMenuHeaderView.xib in Resources */,
				276FB8D01BD8922C006C1978 /* Main.storyboard in Resources */,
				275FA48E1BE1B8EC0050157A /* LTLinkVideoViewController.xib in Resources */,
				278438E01BE0B77900E20449 /* contacts.plist in Resources */,
				270F02361BDA19D900C0214B /* avatar02.jpeg in Resources */,
				279113471BDDD73B00C984F6 /* LTInputView.xib in Resources */,
				270F022D1BD9FDD500C0214B /* avatar01.jpeg in Resources */,
				275FA4931BE1C32C0050157A /* LTVoiceCallViewController.xib in Resources */,
				279D2B871BDF5A0700FAD0D3 /* messages.plist in Resources */,
				276FB8D21BD8922C006C1978 /* Images.xcassets in Resources */,
				270F02421BDA3D6300C0214B /* LTChatListViewCell.xib in Resources */,
				278438DE1BE0AA6000E20449 /* LTConsoleView.xib in Resources */,
				270F02381BDA20BA00C0214B /* avatar03.png in Resources */,
				277100031BE6FAC100B6E7AE /* mapapi.bundle in Resources */,
			);
			runOnlyForDeploymentPostprocessing = 0;
		};
		276FB8D81BD8922C006C1978 /* Resources */ = {
			isa = PBXResourcesBuildPhase;
			buildActionMask = 2147483647;
			files = (
			);
			runOnlyForDeploymentPostprocessing = 0;
		};
/* End PBXResourcesBuildPhase section */

/* Begin PBXShellScriptBuildPhase section */
		0EDC783B6532BD1ADE5DFC71 /* Embed Pods Frameworks */ = {
			isa = PBXShellScriptBuildPhase;
			buildActionMask = 2147483647;
			files = (
			);
			inputPaths = (
			);
			name = "Embed Pods Frameworks";
			outputPaths = (
			);
			runOnlyForDeploymentPostprocessing = 0;
			shellPath = /bin/sh;
			shellScript = "\"${SRCROOT}/Pods/Target Support Files/Pods/Pods-frameworks.sh\"\n";
			showEnvVarsInLog = 0;
		};
		D01DA7C136F8403F20CA7BF4 /* Check Pods Manifest.lock */ = {
			isa = PBXShellScriptBuildPhase;
			buildActionMask = 2147483647;
			files = (
			);
			inputPaths = (
			);
			name = "Check Pods Manifest.lock";
			outputPaths = (
			);
			runOnlyForDeploymentPostprocessing = 0;
			shellPath = /bin/sh;
			shellScript = "diff \"${PODS_ROOT}/../Podfile.lock\" \"${PODS_ROOT}/Manifest.lock\" > /dev/null\nif [[ $? != 0 ]] ; then\n    cat << EOM\nerror: The sandbox is not in sync with the Podfile.lock. Run 'pod install' or update your CocoaPods installation.\nEOM\n    exit 1\nfi\n";
			showEnvVarsInLog = 0;
		};
		DA80B63E962A5689F257CC06 /* Copy Pods Resources */ = {
			isa = PBXShellScriptBuildPhase;
			buildActionMask = 2147483647;
			files = (
			);
			inputPaths = (
			);
			name = "Copy Pods Resources";
			outputPaths = (
			);
			runOnlyForDeploymentPostprocessing = 0;
			shellPath = /bin/sh;
			shellScript = "\"${SRCROOT}/Pods/Target Support Files/Pods/Pods-resources.sh\"\n";
			showEnvVarsInLog = 0;
		};
/* End PBXShellScriptBuildPhase section */

/* Begin PBXSourcesBuildPhase section */
		276FB8BD1BD8922C006C1978 /* Sources */ = {
			isa = PBXSourcesBuildPhase;
			buildActionMask = 2147483647;
			files = (
				278438E81BE0BF2700E20449 /* pinyin.c in Sources */,
				279D2B851BDF4A0E00FAD0D3 /* LTMessageCell.m in Sources */,
				275FA4981BE1F2540050157A /* LTLoginViewController.m in Sources */,
				278438E41BE0B95D00E20449 /* LTContactModel.m in Sources */,
				270F023C1BDA249700C0214B /* LTMyFilesViewController.m in Sources */,
				279D2B7C1BDF24A500FAD0D3 /* LTMessageFrameModel.m in Sources */,
				276FB9001BD8DA79006C1978 /* LTNavigationController.m in Sources */,
				278438EB1BE0BFB900E20449 /* LTChineseString.m in Sources */,
				276FB8F71BD8B309006C1978 /* UIImage+LTRoundIcon.m in Sources */,
				275FA49F1BE2173F0050157A /* LTAnimatedImagesView.m in Sources */,
				279D2B791BDF224A00FAD0D3 /* LTMessageModel.m in Sources */,
				278438DC1BE0AA3300E20449 /* LTConsoleView.m in Sources */,
				275FA4921BE1C32C0050157A /* LTVoiceCallViewController.m in Sources */,
				276FB9071BD8E520006C1978 /* LTSlideMenuViewController.m in Sources */,
				270F02411BDA3D6300C0214B /* LTChatListViewCell.m in Sources */,
				277100151BE6FFF700B6E7AE /* LTBaiduMapViewController.m in Sources */,
				275FA49C1BE1FB2A0050157A /* LTUnderlineTextField.m in Sources */,
				27F6C3FD1BD9DBB9000ADB1F /* LTSlideMenuHeaderView.m in Sources */,
				276FB8C71BD8922C006C1978 /* main.m in Sources */,
				270F02301BDA05BC00C0214B /* UIColor+LTExtension.m in Sources */,
				276FB90B1BD8E592006C1978 /* LTChatListViewController.m in Sources */,
				275FA48D1BE1B8EC0050157A /* LTLinkVideoViewController.m in Sources */,
				276FB8EE1BD8B105006C1978 /* AppDelegate.mm in Sources */,
				270F02341BDA0FFF00C0214B /* LTContactsViewController.m in Sources */,
				2791134A1BDDEDA800C984F6 /* LTAttachToolBarView.m in Sources */,
				279113421BDDD4EC00C984F6 /* LTBaseChatViewController.m in Sources */,
				279113451BDDD71300C984F6 /* LTInputView.m in Sources */,
			);
			runOnlyForDeploymentPostprocessing = 0;
		};
		276FB8D61BD8922C006C1978 /* Sources */ = {
			isa = PBXSourcesBuildPhase;
			buildActionMask = 2147483647;
			files = (
				276FB8E11BD8922C006C1978 /* RCSTests.m in Sources */,
			);
			runOnlyForDeploymentPostprocessing = 0;
		};
/* End PBXSourcesBuildPhase section */

/* Begin PBXTargetDependency section */
		276FB8DC1BD8922C006C1978 /* PBXTargetDependency */ = {
			isa = PBXTargetDependency;
			target = 276FB8C01BD8922C006C1978 /* RCS */;
			targetProxy = 276FB8DB1BD8922C006C1978 /* PBXContainerItemProxy */;
		};
/* End PBXTargetDependency section */

/* Begin PBXVariantGroup section */
		276FB8CE1BD8922C006C1978 /* Main.storyboard */ = {
			isa = PBXVariantGroup;
			children = (
				276FB8CF1BD8922C006C1978 /* Base */,
			);
			name = Main.storyboard;
			sourceTree = "<group>";
		};
/* End PBXVariantGroup section */

/* Begin XCBuildConfiguration section */
		276FB8E21BD8922C006C1978 /* Debug */ = {
			isa = XCBuildConfiguration;
			buildSettings = {
				ALWAYS_SEARCH_USER_PATHS = NO;
				CLANG_CXX_LANGUAGE_STANDARD = "gnu++0x";
				CLANG_CXX_LIBRARY = "libc++";
				CLANG_ENABLE_MODULES = YES;
				CLANG_ENABLE_OBJC_ARC = YES;
				CLANG_WARN_BOOL_CONVERSION = YES;
				CLANG_WARN_CONSTANT_CONVERSION = YES;
				CLANG_WARN_DIRECT_OBJC_ISA_USAGE = YES_ERROR;
				CLANG_WARN_EMPTY_BODY = YES;
				CLANG_WARN_ENUM_CONVERSION = YES;
				CLANG_WARN_INT_CONVERSION = YES;
				CLANG_WARN_OBJC_ROOT_CLASS = YES_ERROR;
				CLANG_WARN_UNREACHABLE_CODE = YES;
				CLANG_WARN__DUPLICATE_METHOD_MATCH = YES;
				"CODE_SIGN_IDENTITY[sdk=iphoneos*]" = "iPhone Developer";
				COPY_PHASE_STRIP = NO;
				DEBUG_INFORMATION_FORMAT = "dwarf-with-dsym";
				ENABLE_STRICT_OBJC_MSGSEND = YES;
				GCC_C_LANGUAGE_STANDARD = gnu99;
				GCC_DYNAMIC_NO_PIC = NO;
				GCC_NO_COMMON_BLOCKS = YES;
				GCC_OPTIMIZATION_LEVEL = 0;
				GCC_PREPROCESSOR_DEFINITIONS = (
					"DEBUG=1",
					"$(inherited)",
				);
				GCC_SYMBOLS_PRIVATE_EXTERN = NO;
				GCC_WARN_64_TO_32_BIT_CONVERSION = YES;
				GCC_WARN_ABOUT_RETURN_TYPE = YES_ERROR;
				GCC_WARN_UNDECLARED_SELECTOR = YES;
				GCC_WARN_UNINITIALIZED_AUTOS = YES_AGGRESSIVE;
				GCC_WARN_UNUSED_FUNCTION = YES;
				GCC_WARN_UNUSED_VARIABLE = YES;
				IPHONEOS_DEPLOYMENT_TARGET = 8.3;
				MTL_ENABLE_DEBUG_INFO = YES;
				ONLY_ACTIVE_ARCH = YES;
				SDKROOT = iphoneos;
				TARGETED_DEVICE_FAMILY = "1,2";
			};
			name = Debug;
		};
		276FB8E31BD8922C006C1978 /* Release */ = {
			isa = XCBuildConfiguration;
			buildSettings = {
				ALWAYS_SEARCH_USER_PATHS = NO;
				CLANG_CXX_LANGUAGE_STANDARD = "gnu++0x";
				CLANG_CXX_LIBRARY = "libc++";
				CLANG_ENABLE_MODULES = YES;
				CLANG_ENABLE_OBJC_ARC = YES;
				CLANG_WARN_BOOL_CONVERSION = YES;
				CLANG_WARN_CONSTANT_CONVERSION = YES;
				CLANG_WARN_DIRECT_OBJC_ISA_USAGE = YES_ERROR;
				CLANG_WARN_EMPTY_BODY = YES;
				CLANG_WARN_ENUM_CONVERSION = YES;
				CLANG_WARN_INT_CONVERSION = YES;
				CLANG_WARN_OBJC_ROOT_CLASS = YES_ERROR;
				CLANG_WARN_UNREACHABLE_CODE = YES;
				CLANG_WARN__DUPLICATE_METHOD_MATCH = YES;
				"CODE_SIGN_IDENTITY[sdk=iphoneos*]" = "iPhone Developer";
				COPY_PHASE_STRIP = NO;
				DEBUG_INFORMATION_FORMAT = "dwarf-with-dsym";
				ENABLE_NS_ASSERTIONS = NO;
				ENABLE_STRICT_OBJC_MSGSEND = YES;
				GCC_C_LANGUAGE_STANDARD = gnu99;
				GCC_NO_COMMON_BLOCKS = YES;
				GCC_WARN_64_TO_32_BIT_CONVERSION = YES;
				GCC_WARN_ABOUT_RETURN_TYPE = YES_ERROR;
				GCC_WARN_UNDECLARED_SELECTOR = YES;
				GCC_WARN_UNINITIALIZED_AUTOS = YES_AGGRESSIVE;
				GCC_WARN_UNUSED_FUNCTION = YES;
				GCC_WARN_UNUSED_VARIABLE = YES;
				IPHONEOS_DEPLOYMENT_TARGET = 8.3;
				MTL_ENABLE_DEBUG_INFO = NO;
				SDKROOT = iphoneos;
				TARGETED_DEVICE_FAMILY = "1,2";
				VALIDATE_PRODUCT = YES;
			};
			name = Release;
		};
		276FB8E51BD8922C006C1978 /* Debug */ = {
			isa = XCBuildConfiguration;
			baseConfigurationReference = E3ADF575E48F128A6F98A79D /* Pods.debug.xcconfig */;
			buildSettings = {
				ASSETCATALOG_COMPILER_APPICON_NAME = AppIcon;
				ASSETCATALOG_COMPILER_LAUNCHIMAGE_NAME = LaunchImage;
				CODE_SIGN_IDENTITY = "iPhone Developer";
				"CODE_SIGN_IDENTITY[sdk=iphoneos*]" = "iPhone Developer";
				FRAMEWORK_SEARCH_PATHS = (
					"$(inherited)",
					"$(PROJECT_DIR)/RCS",
				);
				GCC_PREFIX_HEADER = RCS/PrefixHeader.pch;
				HEADER_SEARCH_PATHS = (
					"$(inherited)",
					"\"${PODS_ROOT}/Headers/Public\"",
					"\"${PODS_ROOT}/Headers/Public/MBProgressHUD\"",
					"\"${PODS_ROOT}/Headers/Public/MJExtension\"",
					"\"${PODS_ROOT}/Headers/Public/MJRefresh\"",
					"\"${PODS_ROOT}/Headers/Public/MMDrawerController\"",
					"\"${PODS_ROOT}/Headers/Public/SDWebImage\"",
				);
				INFOPLIST_FILE = RCS/Info.plist;
				IPHONEOS_DEPLOYMENT_TARGET = 7.0;
				LD_RUNPATH_SEARCH_PATHS = "$(inherited) @executable_path/Frameworks";
				PRODUCT_NAME = "$(TARGET_NAME)";
				PROVISIONING_PROFILE = "";
				TARGETED_DEVICE_FAMILY = 1;
				USER_HEADER_SEARCH_PATHS = "$(PODS_ROOT)/**";
			};
			name = Debug;
		};
		276FB8E61BD8922C006C1978 /* Release */ = {
			isa = XCBuildConfiguration;
			baseConfigurationReference = 3F510747AEA9466AC7F8835F /* Pods.release.xcconfig */;
			buildSettings = {
				ASSETCATALOG_COMPILER_APPICON_NAME = AppIcon;
				ASSETCATALOG_COMPILER_LAUNCHIMAGE_NAME = LaunchImage;
				CODE_SIGN_IDENTITY = "iPhone Developer";
				"CODE_SIGN_IDENTITY[sdk=iphoneos*]" = "iPhone Developer";
				FRAMEWORK_SEARCH_PATHS = (
					"$(inherited)",
					"$(PROJECT_DIR)/RCS",
				);
				GCC_PREFIX_HEADER = RCS/PrefixHeader.pch;
				HEADER_SEARCH_PATHS = (
					"$(inherited)",
					"\"${PODS_ROOT}/Headers/Public\"",
					"\"${PODS_ROOT}/Headers/Public/MBProgressHUD\"",
					"\"${PODS_ROOT}/Headers/Public/MJExtension\"",
					"\"${PODS_ROOT}/Headers/Public/MJRefresh\"",
					"\"${PODS_ROOT}/Headers/Public/MMDrawerController\"",
					"\"${PODS_ROOT}/Headers/Public/SDWebImage\"",
				);
				INFOPLIST_FILE = RCS/Info.plist;
				IPHONEOS_DEPLOYMENT_TARGET = 7.0;
				LD_RUNPATH_SEARCH_PATHS = "$(inherited) @executable_path/Frameworks";
				PRODUCT_NAME = "$(TARGET_NAME)";
				PROVISIONING_PROFILE = "";
				TARGETED_DEVICE_FAMILY = 1;
				USER_HEADER_SEARCH_PATHS = "$(PODS_ROOT)/**";
			};
			name = Release;
		};
		276FB8E81BD8922C006C1978 /* Debug */ = {
			isa = XCBuildConfiguration;
			buildSettings = {
				BUNDLE_LOADER = "$(TEST_HOST)";
				FRAMEWORK_SEARCH_PATHS = (
					"$(SDKROOT)/Developer/Library/Frameworks",
					"$(inherited)",
				);
				GCC_PREPROCESSOR_DEFINITIONS = (
					"DEBUG=1",
					"$(inherited)",
				);
				INFOPLIST_FILE = RCSTests/Info.plist;
				LD_RUNPATH_SEARCH_PATHS = "$(inherited) @executable_path/Frameworks @loader_path/Frameworks";
				PRODUCT_NAME = "$(TARGET_NAME)";
				TEST_HOST = "$(BUILT_PRODUCTS_DIR)/RCS.app/RCS";
			};
			name = Debug;
		};
		276FB8E91BD8922C006C1978 /* Release */ = {
			isa = XCBuildConfiguration;
			buildSettings = {
				BUNDLE_LOADER = "$(TEST_HOST)";
				FRAMEWORK_SEARCH_PATHS = (
					"$(SDKROOT)/Developer/Library/Frameworks",
					"$(inherited)",
				);
				INFOPLIST_FILE = RCSTests/Info.plist;
				LD_RUNPATH_SEARCH_PATHS = "$(inherited) @executable_path/Frameworks @loader_path/Frameworks";
				PRODUCT_NAME = "$(TARGET_NAME)";
				TEST_HOST = "$(BUILT_PRODUCTS_DIR)/RCS.app/RCS";
			};
			name = Release;
		};
/* End XCBuildConfiguration section */

/* Begin XCConfigurationList section */
		276FB8BC1BD8922C006C1978 /* Build configuration list for PBXProject "RCS" */ = {
			isa = XCConfigurationList;
			buildConfigurations = (
				276FB8E21BD8922C006C1978 /* Debug */,
				276FB8E31BD8922C006C1978 /* Release */,
			);
			defaultConfigurationIsVisible = 0;
			defaultConfigurationName = Release;
		};
		276FB8E41BD8922C006C1978 /* Build configuration list for PBXNativeTarget "RCS" */ = {
			isa = XCConfigurationList;
			buildConfigurations = (
				276FB8E51BD8922C006C1978 /* Debug */,
				276FB8E61BD8922C006C1978 /* Release */,
			);
			defaultConfigurationIsVisible = 0;
			defaultConfigurationName = Release;
		};
		276FB8E71BD8922C006C1978 /* Build configuration list for PBXNativeTarget "RCSTests" */ = {
			isa = XCConfigurationList;
			buildConfigurations = (
				276FB8E81BD8922C006C1978 /* Debug */,
				276FB8E91BD8922C006C1978 /* Release */,
			);
			defaultConfigurationIsVisible = 0;
			defaultConfigurationName = Release;
		};
/* End XCConfigurationList section */
	};
	rootObject = 276FB8B91BD8922C006C1978 /* Project object */;
}
